// !$*UTF8*$!
{
	archiveVersion = 1;
	classes = {
	};
	objectVersion = 56;
	objects = {

/* Begin PBXBuildFile section */
		25D0615697812EF9CC78FB61 /* Pods_SET_.framework in Frameworks */ = {isa = PBXBuildFile; fileRef = A31C00F3705A2B37C6BDF9F4 /* Pods_SET_.framework */; };
		5B0083BD2C07920F00A0040A /* GameKitUI in Frameworks */ = {isa = PBXBuildFile; productRef = 5B0083BC2C07920F00A0040A /* GameKitUI */; };
		5B01F3512C10D76C00CE0D30 /* BannerAdView.swift in Sources */ = {isa = PBXBuildFile; fileRef = 5B01F3502C10D76C00CE0D30 /* BannerAdView.swift */; };
		5B01F3552C1116CA00CE0D30 /* AdCoordinator.swift in Sources */ = {isa = PBXBuildFile; fileRef = 5B01F3542C1116CA00CE0D30 /* AdCoordinator.swift */; };
		5B01F3572C112D7300CE0D30 /* RewardedInterstitialContentView.swift in Sources */ = {isa = PBXBuildFile; fileRef = 5B01F3562C112D7300CE0D30 /* RewardedInterstitialContentView.swift */; };
		5B01F3592C112D9700CE0D30 /* RewardedInterstitialViewModel.swift in Sources */ = {isa = PBXBuildFile; fileRef = 5B01F3582C112D9700CE0D30 /* RewardedInterstitialViewModel.swift */; };
		5B01F35B2C112DD600CE0D30 /* AdDialogContentView.swift in Sources */ = {isa = PBXBuildFile; fileRef = 5B01F35A2C112DD600CE0D30 /* AdDialogContentView.swift */; };
		5B01F35D2C112E2700CE0D30 /* CountDownTimer.swift in Sources */ = {isa = PBXBuildFile; fileRef = 5B01F35C2C112E2700CE0D30 /* CountDownTimer.swift */; };
		5B01F35F2C122DBD00CE0D30 /* AuthenticationView.swift in Sources */ = {isa = PBXBuildFile; fileRef = 5B01F35E2C122DBD00CE0D30 /* AuthenticationView.swift */; };
		5B01F3612C12324900CE0D30 /* MatchMakingView.swift in Sources */ = {isa = PBXBuildFile; fileRef = 5B01F3602C12324900CE0D30 /* MatchMakingView.swift */; };
		5B0941442C18F16B001AD0B6 /* BlitzSetBannerView.swift in Sources */ = {isa = PBXBuildFile; fileRef = 5B0941432C18F16B001AD0B6 /* BlitzSetBannerView.swift */; };
		5B133A632BD5F08500CF3AC3 /* SET_App.swift in Sources */ = {isa = PBXBuildFile; fileRef = 5B133A622BD5F08500CF3AC3 /* SET_App.swift */; };
		5B133A652BD5F08500CF3AC3 /* PracticeSetGameView.swift in Sources */ = {isa = PBXBuildFile; fileRef = 5B133A642BD5F08500CF3AC3 /* PracticeSetGameView.swift */; };
		5B133A672BD5F08600CF3AC3 /* Assets.xcassets in Resources */ = {isa = PBXBuildFile; fileRef = 5B133A662BD5F08600CF3AC3 /* Assets.xcassets */; };
		5B133A6A2BD5F08600CF3AC3 /* Preview Assets.xcassets in Resources */ = {isa = PBXBuildFile; fileRef = 5B133A692BD5F08600CF3AC3 /* Preview Assets.xcassets */; };
		5B133A732BD60E8400CF3AC3 /* CardView.swift in Sources */ = {isa = PBXBuildFile; fileRef = 5B133A722BD60E8400CF3AC3 /* CardView.swift */; };
		5B133A792BD74D8D00CF3AC3 /* AspectVGridWithScrollOption.swift in Sources */ = {isa = PBXBuildFile; fileRef = 5B133A782BD74D8D00CF3AC3 /* AspectVGridWithScrollOption.swift */; };
		5B133A7B2BD7611B00CF3AC3 /* SetGame.swift in Sources */ = {isa = PBXBuildFile; fileRef = 5B133A7A2BD7611B00CF3AC3 /* SetGame.swift */; };
		5B133A7D2BD783D800CF3AC3 /* SetPracticeVM.swift in Sources */ = {isa = PBXBuildFile; fileRef = 5B133A7C2BD783D800CF3AC3 /* SetPracticeVM.swift */; };
		5B133A7F2BD785A900CF3AC3 /* Theme.swift in Sources */ = {isa = PBXBuildFile; fileRef = 5B133A7E2BD785A900CF3AC3 /* Theme.swift */; };
		5B1413FD2BDF4B5F0075EB16 /* Cardify.swift in Sources */ = {isa = PBXBuildFile; fileRef = 5B1413FC2BDF4B5F0075EB16 /* Cardify.swift */; };
		5B1413FF2BDF83760075EB16 /* AnyShape.swift in Sources */ = {isa = PBXBuildFile; fileRef = 5B1413FE2BDF83760075EB16 /* AnyShape.swift */; };
		5B26B7542C23503D001DAFC8 /* PracticeSetBannerView.swift in Sources */ = {isa = PBXBuildFile; fileRef = 5B26B7532C23503D001DAFC8 /* PracticeSetBannerView.swift */; };
		5B26B7572C2358AD001DAFC8 /* OrderedCollections in Frameworks */ = {isa = PBXBuildFile; productRef = 5B26B7562C2358AD001DAFC8 /* OrderedCollections */; };
		5B26B7592C238AF6001DAFC8 /* SetBlitzVM+GKMatchDelegate.swift in Sources */ = {isa = PBXBuildFile; fileRef = 5B26B7582C238AF6001DAFC8 /* SetBlitzVM+GKMatchDelegate.swift */; };
		5B27497D2C07986A0072CB41 /* ContentView.swift in Sources */ = {isa = PBXBuildFile; fileRef = 5B27497C2C07986A0072CB41 /* ContentView.swift */; };
		5B2749852C079B130072CB41 /* PlayerProfileView.swift in Sources */ = {isa = PBXBuildFile; fileRef = 5B2749842C079B130072CB41 /* PlayerProfileView.swift */; };
		5B27E61C2C054B0B00BA6E34 /* PractiveSetGameOverView.swift in Sources */ = {isa = PBXBuildFile; fileRef = 5B27E61B2C054B0B00BA6E34 /* PractiveSetGameOverView.swift */; };
		5B32545B2C24B8DE00413BC0 /* BlitzSetGameView.swift in Sources */ = {isa = PBXBuildFile; fileRef = 5B32545A2C24B8DE00413BC0 /* BlitzSetGameView.swift */; };
		5B32545D2C24B93200413BC0 /* CardBoardVew.swift in Sources */ = {isa = PBXBuildFile; fileRef = 5B32545C2C24B93200413BC0 /* CardBoardVew.swift */; };
		5B63F21A2C24DE1500699816 /* ViewStyle.swift in Sources */ = {isa = PBXBuildFile; fileRef = 5B63F2192C24DE1500699816 /* ViewStyle.swift */; };
		5B63F21C2C24E3CC00699816 /* PileOfCardsView.swift in Sources */ = {isa = PBXBuildFile; fileRef = 5B63F21B2C24E3CC00699816 /* PileOfCardsView.swift */; };
		5B63F21E2C24E79200699816 /* TimerView.swift in Sources */ = {isa = PBXBuildFile; fileRef = 5B63F21D2C24E79200699816 /* TimerView.swift */; };
		5B778B582BD9F6F300FDDFA2 /* Utils.swift in Sources */ = {isa = PBXBuildFile; fileRef = 5B778B572BD9F6F300FDDFA2 /* Utils.swift */; };
		5BBC51B32C097697007B5ED0 /* SetBlitz.swift in Sources */ = {isa = PBXBuildFile; fileRef = 5BBC51B22C097697007B5ED0 /* SetBlitz.swift */; };
		5BBC51B52C0A4816007B5ED0 /* Player.swift in Sources */ = {isa = PBXBuildFile; fileRef = 5BBC51B42C0A4816007B5ED0 /* Player.swift */; };
		5BBC51B72C0A4E2D007B5ED0 /* GameManager.swift in Sources */ = {isa = PBXBuildFile; fileRef = 5BBC51B62C0A4E2D007B5ED0 /* GameManager.swift */; };
		5BBC51B92C0A5D61007B5ED0 /* Protocols.swift in Sources */ = {isa = PBXBuildFile; fileRef = 5BBC51B82C0A5D61007B5ED0 /* Protocols.swift */; };
		5BBC51BB2C0A7EB3007B5ED0 /* SetBlitzVM.swift in Sources */ = {isa = PBXBuildFile; fileRef = 5BBC51BA2C0A7EB3007B5ED0 /* SetBlitzVM.swift */; };
		5BBC51BD2C0A88C1007B5ED0 /* MenuView.swift in Sources */ = {isa = PBXBuildFile; fileRef = 5BBC51BC2C0A88C1007B5ED0 /* MenuView.swift */; };
		5BBC51C52C0A9418007B5ED0 /* InGameView.swift in Sources */ = {isa = PBXBuildFile; fileRef = 5BBC51C42C0A9418007B5ED0 /* InGameView.swift */; };
		5BBC51CD2C0E30AD007B5ED0 /* GameCenterHelper.swift in Sources */ = {isa = PBXBuildFile; fileRef = 5BBC51CC2C0E30AD007B5ED0 /* GameCenterHelper.swift */; };
		5BBC51D12C0E5DA7007B5ED0 /* GameModeChoosingView.swift in Sources */ = {isa = PBXBuildFile; fileRef = 5BBC51D02C0E5DA7007B5ED0 /* GameModeChoosingView.swift */; };
		5BBC51D32C0E6EAB007B5ED0 /* BaseSetGameViewModel.swift in Sources */ = {isa = PBXBuildFile; fileRef = 5BBC51D22C0E6EAB007B5ED0 /* BaseSetGameViewModel.swift */; };
		5BBC51D52C0E743F007B5ED0 /* ViewExtensions.swift in Sources */ = {isa = PBXBuildFile; fileRef = 5BBC51D42C0E743F007B5ED0 /* ViewExtensions.swift */; };
		5BBC51D72C0E75DC007B5ED0 /* BlitzSetGameInGameView.swift in Sources */ = {isa = PBXBuildFile; fileRef = 5BBC51D62C0E75DC007B5ED0 /* BlitzSetGameInGameView.swift */; };
		5BBC51DA2C0E76F6007B5ED0 /* BlitzSetGameOverView.swift in Sources */ = {isa = PBXBuildFile; fileRef = 5BBC51D92C0E76F6007B5ED0 /* BlitzSetGameOverView.swift */; };
		5BC98DE52C064DE30036F767 /* PracticeSetGameInGameView.swift in Sources */ = {isa = PBXBuildFile; fileRef = 5BC98DE42C064DE30036F767 /* PracticeSetGameInGameView.swift */; };
		5BE657B22C20D06700C7E8CB /* SetBltizGameCenter.swift in Sources */ = {isa = PBXBuildFile; fileRef = 5BE657B12C20D06700C7E8CB /* SetBltizGameCenter.swift */; };
		5BE657B42C21577E00C7E8CB /* GKDashboard.swift in Sources */ = {isa = PBXBuildFile; fileRef = 5BE657B32C21577E00C7E8CB /* GKDashboard.swift */; };
/* End PBXBuildFile section */

/* Begin PBXFileReference section */
		5B01F34E2C10D35200CE0D30 /* SET--Info.plist */ = {isa = PBXFileReference; lastKnownFileType = text.plist; path = "SET--Info.plist"; sourceTree = SOURCE_ROOT; };
		5B01F3502C10D76C00CE0D30 /* BannerAdView.swift */ = {isa = PBXFileReference; lastKnownFileType = sourcecode.swift; path = BannerAdView.swift; sourceTree = "<group>"; };
		5B01F3542C1116CA00CE0D30 /* AdCoordinator.swift */ = {isa = PBXFileReference; lastKnownFileType = sourcecode.swift; path = AdCoordinator.swift; sourceTree = "<group>"; };
		5B01F3562C112D7300CE0D30 /* RewardedInterstitialContentView.swift */ = {isa = PBXFileReference; lastKnownFileType = sourcecode.swift; path = RewardedInterstitialContentView.swift; sourceTree = "<group>"; };
		5B01F3582C112D9700CE0D30 /* RewardedInterstitialViewModel.swift */ = {isa = PBXFileReference; lastKnownFileType = sourcecode.swift; path = RewardedInterstitialViewModel.swift; sourceTree = "<group>"; };
		5B01F35A2C112DD600CE0D30 /* AdDialogContentView.swift */ = {isa = PBXFileReference; lastKnownFileType = sourcecode.swift; path = AdDialogContentView.swift; sourceTree = "<group>"; };
		5B01F35C2C112E2700CE0D30 /* CountDownTimer.swift */ = {isa = PBXFileReference; lastKnownFileType = sourcecode.swift; path = CountDownTimer.swift; sourceTree = "<group>"; };
		5B01F35E2C122DBD00CE0D30 /* AuthenticationView.swift */ = {isa = PBXFileReference; lastKnownFileType = sourcecode.swift; path = AuthenticationView.swift; sourceTree = "<group>"; };
		5B01F3602C12324900CE0D30 /* MatchMakingView.swift */ = {isa = PBXFileReference; lastKnownFileType = sourcecode.swift; path = MatchMakingView.swift; sourceTree = "<group>"; };
		5B0941432C18F16B001AD0B6 /* BlitzSetBannerView.swift */ = {isa = PBXFileReference; lastKnownFileType = sourcecode.swift; path = BlitzSetBannerView.swift; sourceTree = "<group>"; };
		5B133A5F2BD5F08500CF3AC3 /* SET!.app */ = {isa = PBXFileReference; explicitFileType = wrapper.application; includeInIndex = 0; path = "SET!.app"; sourceTree = BUILT_PRODUCTS_DIR; };
		5B133A622BD5F08500CF3AC3 /* SET_App.swift */ = {isa = PBXFileReference; lastKnownFileType = sourcecode.swift; path = SET_App.swift; sourceTree = "<group>"; };
		5B133A642BD5F08500CF3AC3 /* PracticeSetGameView.swift */ = {isa = PBXFileReference; lastKnownFileType = sourcecode.swift; path = PracticeSetGameView.swift; sourceTree = "<group>"; };
		5B133A662BD5F08600CF3AC3 /* Assets.xcassets */ = {isa = PBXFileReference; lastKnownFileType = folder.assetcatalog; path = Assets.xcassets; sourceTree = "<group>"; };
		5B133A692BD5F08600CF3AC3 /* Preview Assets.xcassets */ = {isa = PBXFileReference; lastKnownFileType = folder.assetcatalog; path = "Preview Assets.xcassets"; sourceTree = "<group>"; };
		5B133A722BD60E8400CF3AC3 /* CardView.swift */ = {isa = PBXFileReference; lastKnownFileType = sourcecode.swift; path = CardView.swift; sourceTree = "<group>"; };
		5B133A782BD74D8D00CF3AC3 /* AspectVGridWithScrollOption.swift */ = {isa = PBXFileReference; lastKnownFileType = sourcecode.swift; path = AspectVGridWithScrollOption.swift; sourceTree = "<group>"; };
		5B133A7A2BD7611B00CF3AC3 /* SetGame.swift */ = {isa = PBXFileReference; lastKnownFileType = sourcecode.swift; path = SetGame.swift; sourceTree = "<group>"; };
		5B133A7C2BD783D800CF3AC3 /* SetPracticeVM.swift */ = {isa = PBXFileReference; lastKnownFileType = sourcecode.swift; path = SetPracticeVM.swift; sourceTree = "<group>"; };
		5B133A7E2BD785A900CF3AC3 /* Theme.swift */ = {isa = PBXFileReference; lastKnownFileType = sourcecode.swift; path = Theme.swift; sourceTree = "<group>"; };
		5B1413FC2BDF4B5F0075EB16 /* Cardify.swift */ = {isa = PBXFileReference; lastKnownFileType = sourcecode.swift; path = Cardify.swift; sourceTree = "<group>"; };
		5B1413FE2BDF83760075EB16 /* AnyShape.swift */ = {isa = PBXFileReference; lastKnownFileType = sourcecode.swift; path = AnyShape.swift; sourceTree = "<group>"; };
		5B26B7532C23503D001DAFC8 /* PracticeSetBannerView.swift */ = {isa = PBXFileReference; lastKnownFileType = sourcecode.swift; path = PracticeSetBannerView.swift; sourceTree = "<group>"; };
		5B26B7582C238AF6001DAFC8 /* SetBlitzVM+GKMatchDelegate.swift */ = {isa = PBXFileReference; lastKnownFileType = sourcecode.swift; path = "SetBlitzVM+GKMatchDelegate.swift"; sourceTree = "<group>"; };
		5B27497C2C07986A0072CB41 /* ContentView.swift */ = {isa = PBXFileReference; lastKnownFileType = sourcecode.swift; path = ContentView.swift; sourceTree = "<group>"; };
		5B2749842C079B130072CB41 /* PlayerProfileView.swift */ = {isa = PBXFileReference; lastKnownFileType = sourcecode.swift; path = PlayerProfileView.swift; sourceTree = "<group>"; };
		5B27E6172C05394400BA6E34 /* SET!.entitlements */ = {isa = PBXFileReference; lastKnownFileType = text.plist.entitlements; path = "SET!.entitlements"; sourceTree = "<group>"; };
		5B27E61B2C054B0B00BA6E34 /* PractiveSetGameOverView.swift */ = {isa = PBXFileReference; lastKnownFileType = sourcecode.swift; path = PractiveSetGameOverView.swift; sourceTree = "<group>"; };
		5B32545A2C24B8DE00413BC0 /* BlitzSetGameView.swift */ = {isa = PBXFileReference; fileEncoding = 4; lastKnownFileType = sourcecode.swift; path = BlitzSetGameView.swift; sourceTree = "<group>"; };
		5B32545C2C24B93200413BC0 /* CardBoardVew.swift */ = {isa = PBXFileReference; lastKnownFileType = sourcecode.swift; path = CardBoardVew.swift; sourceTree = "<group>"; };
		5B63F2192C24DE1500699816 /* ViewStyle.swift */ = {isa = PBXFileReference; fileEncoding = 4; lastKnownFileType = sourcecode.swift; path = ViewStyle.swift; sourceTree = "<group>"; };
		5B63F21B2C24E3CC00699816 /* PileOfCardsView.swift */ = {isa = PBXFileReference; lastKnownFileType = sourcecode.swift; path = PileOfCardsView.swift; sourceTree = "<group>"; };
		5B63F21D2C24E79200699816 /* TimerView.swift */ = {isa = PBXFileReference; lastKnownFileType = sourcecode.swift; path = TimerView.swift; sourceTree = "<group>"; };
		5B778B572BD9F6F300FDDFA2 /* Utils.swift */ = {isa = PBXFileReference; lastKnownFileType = sourcecode.swift; path = Utils.swift; sourceTree = "<group>"; };
		5BBC51B22C097697007B5ED0 /* SetBlitz.swift */ = {isa = PBXFileReference; lastKnownFileType = sourcecode.swift; path = SetBlitz.swift; sourceTree = "<group>"; };
		5BBC51B42C0A4816007B5ED0 /* Player.swift */ = {isa = PBXFileReference; lastKnownFileType = sourcecode.swift; path = Player.swift; sourceTree = "<group>"; };
		5BBC51B62C0A4E2D007B5ED0 /* GameManager.swift */ = {isa = PBXFileReference; lastKnownFileType = sourcecode.swift; path = GameManager.swift; sourceTree = "<group>"; };
		5BBC51B82C0A5D61007B5ED0 /* Protocols.swift */ = {isa = PBXFileReference; lastKnownFileType = sourcecode.swift; path = Protocols.swift; sourceTree = "<group>"; };
		5BBC51BA2C0A7EB3007B5ED0 /* SetBlitzVM.swift */ = {isa = PBXFileReference; lastKnownFileType = sourcecode.swift; path = SetBlitzVM.swift; sourceTree = "<group>"; };
		5BBC51BC2C0A88C1007B5ED0 /* MenuView.swift */ = {isa = PBXFileReference; lastKnownFileType = sourcecode.swift; path = MenuView.swift; sourceTree = "<group>"; };
		5BBC51C42C0A9418007B5ED0 /* InGameView.swift */ = {isa = PBXFileReference; lastKnownFileType = sourcecode.swift; path = InGameView.swift; sourceTree = "<group>"; };
		5BBC51CC2C0E30AD007B5ED0 /* GameCenterHelper.swift */ = {isa = PBXFileReference; lastKnownFileType = sourcecode.swift; path = GameCenterHelper.swift; sourceTree = "<group>"; };
		5BBC51D02C0E5DA7007B5ED0 /* GameModeChoosingView.swift */ = {isa = PBXFileReference; lastKnownFileType = sourcecode.swift; path = GameModeChoosingView.swift; sourceTree = "<group>"; };
		5BBC51D22C0E6EAB007B5ED0 /* BaseSetGameViewModel.swift */ = {isa = PBXFileReference; lastKnownFileType = sourcecode.swift; path = BaseSetGameViewModel.swift; sourceTree = "<group>"; };
		5BBC51D42C0E743F007B5ED0 /* ViewExtensions.swift */ = {isa = PBXFileReference; lastKnownFileType = sourcecode.swift; path = ViewExtensions.swift; sourceTree = "<group>"; };
		5BBC51D62C0E75DC007B5ED0 /* BlitzSetGameInGameView.swift */ = {isa = PBXFileReference; lastKnownFileType = sourcecode.swift; path = BlitzSetGameInGameView.swift; sourceTree = "<group>"; };
		5BBC51D92C0E76F6007B5ED0 /* BlitzSetGameOverView.swift */ = {isa = PBXFileReference; lastKnownFileType = sourcecode.swift; path = BlitzSetGameOverView.swift; sourceTree = "<group>"; };
		5BC98DE42C064DE30036F767 /* PracticeSetGameInGameView.swift */ = {isa = PBXFileReference; lastKnownFileType = sourcecode.swift; path = PracticeSetGameInGameView.swift; sourceTree = "<group>"; };
		5BE657B12C20D06700C7E8CB /* SetBltizGameCenter.swift */ = {isa = PBXFileReference; lastKnownFileType = sourcecode.swift; path = SetBltizGameCenter.swift; sourceTree = "<group>"; };
		5BE657B32C21577E00C7E8CB /* GKDashboard.swift */ = {isa = PBXFileReference; lastKnownFileType = sourcecode.swift; path = GKDashboard.swift; sourceTree = "<group>"; };
		5D7012ACB68DCEEB4894E453 /* Pods-SET!.debug.xcconfig */ = {isa = PBXFileReference; includeInIndex = 1; lastKnownFileType = text.xcconfig; name = "Pods-SET!.debug.xcconfig"; path = "Target Support Files/Pods-SET!/Pods-SET!.debug.xcconfig"; sourceTree = "<group>"; };
		87F643D39F3C1869900FD0EA /* Pods-SET!.release.xcconfig */ = {isa = PBXFileReference; includeInIndex = 1; lastKnownFileType = text.xcconfig; name = "Pods-SET!.release.xcconfig"; path = "Target Support Files/Pods-SET!/Pods-SET!.release.xcconfig"; sourceTree = "<group>"; };
		A31C00F3705A2B37C6BDF9F4 /* Pods_SET_.framework */ = {isa = PBXFileReference; explicitFileType = wrapper.framework; includeInIndex = 0; path = Pods_SET_.framework; sourceTree = BUILT_PRODUCTS_DIR; };
/* End PBXFileReference section */

/* Begin PBXFrameworksBuildPhase section */
		5B133A5C2BD5F08500CF3AC3 /* Frameworks */ = {
			isa = PBXFrameworksBuildPhase;
			buildActionMask = 2147483647;
			files = (
				5B0083BD2C07920F00A0040A /* GameKitUI in Frameworks */,
				25D0615697812EF9CC78FB61 /* Pods_SET_.framework in Frameworks */,
				5B26B7572C2358AD001DAFC8 /* OrderedCollections in Frameworks */,
			);
			runOnlyForDeploymentPostprocessing = 0;
		};
/* End PBXFrameworksBuildPhase section */

/* Begin PBXGroup section */
		06BD1F2648E53AABEE70D87F /* Pods */ = {
			isa = PBXGroup;
			children = (
				5D7012ACB68DCEEB4894E453 /* Pods-SET!.debug.xcconfig */,
				87F643D39F3C1869900FD0EA /* Pods-SET!.release.xcconfig */,
			);
			path = Pods;
			sourceTree = "<group>";
		};
		5B01F34F2C10D74F00CE0D30 /* Ad */ = {
			isa = PBXGroup;
			children = (
				5B01F3502C10D76C00CE0D30 /* BannerAdView.swift */,
				5B01F3542C1116CA00CE0D30 /* AdCoordinator.swift */,
				5BEFBB152C1B657800375012 /* RewardInterstitial */,
			);
			path = Ad;
			sourceTree = "<group>";
		};
		5B133A562BD5F08500CF3AC3 = {
			isa = PBXGroup;
			children = (
				5B133A612BD5F08500CF3AC3 /* SET! */,
				5B133A602BD5F08500CF3AC3 /* Products */,
				06BD1F2648E53AABEE70D87F /* Pods */,
				D5459DFE99B9A4C1F401B01F /* Frameworks */,
			);
			sourceTree = "<group>";
		};
		5B133A602BD5F08500CF3AC3 /* Products */ = {
			isa = PBXGroup;
			children = (
				5B133A5F2BD5F08500CF3AC3 /* SET!.app */,
			);
			name = Products;
			sourceTree = "<group>";
		};
		5B133A612BD5F08500CF3AC3 /* SET! */ = {
			isa = PBXGroup;
			children = (
				5B133A682BD5F08600CF3AC3 /* Preview Content */,
				5B01F34E2C10D35200CE0D30 /* SET--Info.plist */,
				5B27E6172C05394400BA6E34 /* SET!.entitlements */,
				5B133A662BD5F08600CF3AC3 /* Assets.xcassets */,
				5B133A622BD5F08500CF3AC3 /* SET_App.swift */,
				5B01F34F2C10D74F00CE0D30 /* Ad */,
				5BC98DE32C0648410036F767 /* View */,
				5BC98DE82C0681040036F767 /* ViewModel */,
				5BC98DE92C06812E0036F767 /* Model */,
				5BE657B02C20D03C00C7E8CB /* GameCenter */,
				5BBC51B82C0A5D61007B5ED0 /* Protocols.swift */,
				5B27497C2C07986A0072CB41 /* ContentView.swift */,
				5BBC51BC2C0A88C1007B5ED0 /* MenuView.swift */,
				5BBC51B62C0A4E2D007B5ED0 /* GameManager.swift */,
				5BBC51D02C0E5DA7007B5ED0 /* GameModeChoosingView.swift */,
				5BBC51C42C0A9418007B5ED0 /* InGameView.swift */,
			);
			path = "SET!";
			sourceTree = "<group>";
		};
		5B133A682BD5F08600CF3AC3 /* Preview Content */ = {
			isa = PBXGroup;
			children = (
				5B133A692BD5F08600CF3AC3 /* Preview Assets.xcassets */,
			);
			path = "Preview Content";
			sourceTree = "<group>";
		};
		5B26B7522C23501C001DAFC8 /* PracticeSetGame */ = {
			isa = PBXGroup;
			children = (
				5B133A642BD5F08500CF3AC3 /* PracticeSetGameView.swift */,
				5BC98DE42C064DE30036F767 /* PracticeSetGameInGameView.swift */,
				5B27E61B2C054B0B00BA6E34 /* PractiveSetGameOverView.swift */,
				5B26B7532C23503D001DAFC8 /* PracticeSetBannerView.swift */,
			);
			path = PracticeSetGame;
			sourceTree = "<group>";
		};
		5B3254592C24B85700413BC0 /* BlitzSetGame */ = {
			isa = PBXGroup;
			children = (
				5B32545A2C24B8DE00413BC0 /* BlitzSetGameView.swift */,
				5BBC51D62C0E75DC007B5ED0 /* BlitzSetGameInGameView.swift */,
				5BBC51D92C0E76F6007B5ED0 /* BlitzSetGameOverView.swift */,
				5B0941432C18F16B001AD0B6 /* BlitzSetBannerView.swift */,
			);
			path = BlitzSetGame;
			sourceTree = "<group>";
		};
		5B32545E2C24DCE400413BC0 /* Helper */ = {
			isa = PBXGroup;
			children = (
				5B2749842C079B130072CB41 /* PlayerProfileView.swift */,
				5B133A782BD74D8D00CF3AC3 /* AspectVGridWithScrollOption.swift */,
				5B133A722BD60E8400CF3AC3 /* CardView.swift */,
				5B1413FC2BDF4B5F0075EB16 /* Cardify.swift */,
				5BBC51D42C0E743F007B5ED0 /* ViewExtensions.swift */,
				5B32545C2C24B93200413BC0 /* CardBoardVew.swift */,
				5B63F2192C24DE1500699816 /* ViewStyle.swift */,
				5B63F21B2C24E3CC00699816 /* PileOfCardsView.swift */,
				5B63F21D2C24E79200699816 /* TimerView.swift */,
			);
			path = Helper;
			sourceTree = "<group>";
		};
		5B5615562C18E07C00BDDCB6 /* Game */ = {
			isa = PBXGroup;
			children = (
				5B32545E2C24DCE400413BC0 /* Helper */,
				5B3254592C24B85700413BC0 /* BlitzSetGame */,
				5B26B7522C23501C001DAFC8 /* PracticeSetGame */,
			);
			path = Game;
			sourceTree = "<group>";
		};
		5BBC51D82C0E7640007B5ED0 /* GameCenter */ = {
			isa = PBXGroup;
			children = (
				5B01F35E2C122DBD00CE0D30 /* AuthenticationView.swift */,
				5B01F3602C12324900CE0D30 /* MatchMakingView.swift */,
				5BE657B32C21577E00C7E8CB /* GKDashboard.swift */,
			);
			path = GameCenter;
			sourceTree = "<group>";
		};
		5BC98DE32C0648410036F767 /* View */ = {
			isa = PBXGroup;
			children = (
				5B5615562C18E07C00BDDCB6 /* Game */,
				5BBC51D82C0E7640007B5ED0 /* GameCenter */,
			);
			path = View;
			sourceTree = "<group>";
		};
		5BC98DE82C0681040036F767 /* ViewModel */ = {
			isa = PBXGroup;
			children = (
				5BBC51D22C0E6EAB007B5ED0 /* BaseSetGameViewModel.swift */,
				5B133A7C2BD783D800CF3AC3 /* SetPracticeVM.swift */,
				5BBC51BA2C0A7EB3007B5ED0 /* SetBlitzVM.swift */,
				5B26B7582C238AF6001DAFC8 /* SetBlitzVM+GKMatchDelegate.swift */,
				5B1413FE2BDF83760075EB16 /* AnyShape.swift */,
			);
			path = ViewModel;
			sourceTree = "<group>";
		};
		5BC98DE92C06812E0036F767 /* Model */ = {
			isa = PBXGroup;
			children = (
				5B778B572BD9F6F300FDDFA2 /* Utils.swift */,
				5B133A7A2BD7611B00CF3AC3 /* SetGame.swift */,
				5B133A7E2BD785A900CF3AC3 /* Theme.swift */,
				5BBC51B22C097697007B5ED0 /* SetBlitz.swift */,
				5BBC51B42C0A4816007B5ED0 /* Player.swift */,
			);
			path = Model;
			sourceTree = "<group>";
		};
		5BE657B02C20D03C00C7E8CB /* GameCenter */ = {
			isa = PBXGroup;
			children = (
				5BBC51CC2C0E30AD007B5ED0 /* GameCenterHelper.swift */,
				5BE657B12C20D06700C7E8CB /* SetBltizGameCenter.swift */,
			);
			path = GameCenter;
			sourceTree = "<group>";
		};
		5BEFBB152C1B657800375012 /* RewardInterstitial */ = {
			isa = PBXGroup;
			children = (
				5B01F3562C112D7300CE0D30 /* RewardedInterstitialContentView.swift */,
				5B01F35A2C112DD600CE0D30 /* AdDialogContentView.swift */,
				5B01F3582C112D9700CE0D30 /* RewardedInterstitialViewModel.swift */,
				5B01F35C2C112E2700CE0D30 /* CountDownTimer.swift */,
			);
			path = RewardInterstitial;
			sourceTree = "<group>";
		};
		D5459DFE99B9A4C1F401B01F /* Frameworks */ = {
			isa = PBXGroup;
			children = (
				A31C00F3705A2B37C6BDF9F4 /* Pods_SET_.framework */,
			);
			name = Frameworks;
			sourceTree = "<group>";
		};
/* End PBXGroup section */

/* Begin PBXNativeTarget section */
		5B133A5E2BD5F08500CF3AC3 /* SET! */ = {
			isa = PBXNativeTarget;
			buildConfigurationList = 5B133A6D2BD5F08600CF3AC3 /* Build configuration list for PBXNativeTarget "SET!" */;
			buildPhases = (
				8645A042A64613F4E5BCFEF1 /* [CP] Check Pods Manifest.lock */,
				5B133A5B2BD5F08500CF3AC3 /* Sources */,
				5B133A5C2BD5F08500CF3AC3 /* Frameworks */,
				5B133A5D2BD5F08500CF3AC3 /* Resources */,
				489D4F7374BDDD45099DC8C3 /* [CP] Copy Pods Resources */,
			);
			buildRules = (
			);
			dependencies = (
			);
			name = "SET!";
			packageProductDependencies = (
				5B0083BC2C07920F00A0040A /* GameKitUI */,
				5B26B7562C2358AD001DAFC8 /* OrderedCollections */,
			);
			productName = "SET!";
			productReference = 5B133A5F2BD5F08500CF3AC3 /* SET!.app */;
			productType = "com.apple.product-type.application";
		};
/* End PBXNativeTarget section */

/* Begin PBXProject section */
		5B133A572BD5F08500CF3AC3 /* Project object */ = {
			isa = PBXProject;
			attributes = {
				BuildIndependentTargetsInParallel = 1;
				LastSwiftUpdateCheck = 1530;
				LastUpgradeCheck = 1530;
				TargetAttributes = {
					5B133A5E2BD5F08500CF3AC3 = {
						CreatedOnToolsVersion = 15.3;
					};
				};
			};
			buildConfigurationList = 5B133A5A2BD5F08500CF3AC3 /* Build configuration list for PBXProject "SET!" */;
			compatibilityVersion = "Xcode 14.0";
			developmentRegion = en;
			hasScannedForEncodings = 0;
			knownRegions = (
				en,
				Base,
			);
			mainGroup = 5B133A562BD5F08500CF3AC3;
			packageReferences = (
				5B0083BB2C07920F00A0040A /* XCRemoteSwiftPackageReference "GameKitUI" */,
				5B26B7552C23566D001DAFC8 /* XCRemoteSwiftPackageReference "swift-collections" */,
			);
			productRefGroup = 5B133A602BD5F08500CF3AC3 /* Products */;
			projectDirPath = "";
			projectRoot = "";
			targets = (
				5B133A5E2BD5F08500CF3AC3 /* SET! */,
			);
		};
/* End PBXProject section */

/* Begin PBXResourcesBuildPhase section */
		5B133A5D2BD5F08500CF3AC3 /* Resources */ = {
			isa = PBXResourcesBuildPhase;
			buildActionMask = 2147483647;
			files = (
				5B133A6A2BD5F08600CF3AC3 /* Preview Assets.xcassets in Resources */,
				5B133A672BD5F08600CF3AC3 /* Assets.xcassets in Resources */,
			);
			runOnlyForDeploymentPostprocessing = 0;
		};
/* End PBXResourcesBuildPhase section */

/* Begin PBXShellScriptBuildPhase section */
		489D4F7374BDDD45099DC8C3 /* [CP] Copy Pods Resources */ = {
			isa = PBXShellScriptBuildPhase;
			buildActionMask = 2147483647;
			files = (
			);
			inputFileListPaths = (
				"${PODS_ROOT}/Target Support Files/Pods-SET!/Pods-SET!-resources-${CONFIGURATION}-input-files.xcfilelist",
			);
			name = "[CP] Copy Pods Resources";
			outputFileListPaths = (
				"${PODS_ROOT}/Target Support Files/Pods-SET!/Pods-SET!-resources-${CONFIGURATION}-output-files.xcfilelist",
			);
			runOnlyForDeploymentPostprocessing = 0;
			shellPath = /bin/sh;
			shellScript = "\"${PODS_ROOT}/Target Support Files/Pods-SET!/Pods-SET!-resources.sh\"\n";
			showEnvVarsInLog = 0;
		};
		8645A042A64613F4E5BCFEF1 /* [CP] Check Pods Manifest.lock */ = {
			isa = PBXShellScriptBuildPhase;
			buildActionMask = 2147483647;
			files = (
			);
			inputFileListPaths = (
			);
			inputPaths = (
				"${PODS_PODFILE_DIR_PATH}/Podfile.lock",
				"${PODS_ROOT}/Manifest.lock",
			);
			name = "[CP] Check Pods Manifest.lock";
			outputFileListPaths = (
			);
			outputPaths = (
				"$(DERIVED_FILE_DIR)/Pods-SET!-checkManifestLockResult.txt",
			);
			runOnlyForDeploymentPostprocessing = 0;
			shellPath = /bin/sh;
			shellScript = "diff \"${PODS_PODFILE_DIR_PATH}/Podfile.lock\" \"${PODS_ROOT}/Manifest.lock\" > /dev/null\nif [ $? != 0 ] ; then\n    # print error to STDERR\n    echo \"error: The sandbox is not in sync with the Podfile.lock. Run 'pod install' or update your CocoaPods installation.\" >&2\n    exit 1\nfi\n# This output is used by Xcode 'outputs' to avoid re-running this script phase.\necho \"SUCCESS\" > \"${SCRIPT_OUTPUT_FILE_0}\"\n";
			showEnvVarsInLog = 0;
		};
/* End PBXShellScriptBuildPhase section */

/* Begin PBXSourcesBuildPhase section */
		5B133A5B2BD5F08500CF3AC3 /* Sources */ = {
			isa = PBXSourcesBuildPhase;
			buildActionMask = 2147483647;
			files = (
				5B63F21E2C24E79200699816 /* TimerView.swift in Sources */,
				5B01F3552C1116CA00CE0D30 /* AdCoordinator.swift in Sources */,
				5B27E61C2C054B0B00BA6E34 /* PractiveSetGameOverView.swift in Sources */,
				5BBC51B72C0A4E2D007B5ED0 /* GameManager.swift in Sources */,
				5B01F3592C112D9700CE0D30 /* RewardedInterstitialViewModel.swift in Sources */,
				5BBC51D32C0E6EAB007B5ED0 /* BaseSetGameViewModel.swift in Sources */,
				5B1413FD2BDF4B5F0075EB16 /* Cardify.swift in Sources */,
				5B26B7592C238AF6001DAFC8 /* SetBlitzVM+GKMatchDelegate.swift in Sources */,
				5B133A652BD5F08500CF3AC3 /* PracticeSetGameView.swift in Sources */,
				5BBC51D52C0E743F007B5ED0 /* ViewExtensions.swift in Sources */,
				5BBC51B52C0A4816007B5ED0 /* Player.swift in Sources */,
				5B0941442C18F16B001AD0B6 /* BlitzSetBannerView.swift in Sources */,
				5B32545D2C24B93200413BC0 /* CardBoardVew.swift in Sources */,
				5B01F35F2C122DBD00CE0D30 /* AuthenticationView.swift in Sources */,
				5BBC51DA2C0E76F6007B5ED0 /* BlitzSetGameOverView.swift in Sources */,
				5B26B7542C23503D001DAFC8 /* PracticeSetBannerView.swift in Sources */,
				5B133A7F2BD785A900CF3AC3 /* Theme.swift in Sources */,
				5B63F21C2C24E3CC00699816 /* PileOfCardsView.swift in Sources */,
				5BE657B22C20D06700C7E8CB /* SetBltizGameCenter.swift in Sources */,
				5B32545B2C24B8DE00413BC0 /* BlitzSetGameView.swift in Sources */,
				5B778B582BD9F6F300FDDFA2 /* Utils.swift in Sources */,
				5BBC51D72C0E75DC007B5ED0 /* BlitzSetGameInGameView.swift in Sources */,
				5B01F35B2C112DD600CE0D30 /* AdDialogContentView.swift in Sources */,
				5B27497D2C07986A0072CB41 /* ContentView.swift in Sources */,
				5BBC51BD2C0A88C1007B5ED0 /* MenuView.swift in Sources */,
				5B2749852C079B130072CB41 /* PlayerProfileView.swift in Sources */,
				5BBC51B92C0A5D61007B5ED0 /* Protocols.swift in Sources */,
				5B01F3572C112D7300CE0D30 /* RewardedInterstitialContentView.swift in Sources */,
				5BBC51B32C097697007B5ED0 /* SetBlitz.swift in Sources */,
				5B133A7D2BD783D800CF3AC3 /* SetPracticeVM.swift in Sources */,
				5BC98DE52C064DE30036F767 /* PracticeSetGameInGameView.swift in Sources */,
				5B63F21A2C24DE1500699816 /* ViewStyle.swift in Sources */,
				5BBC51C52C0A9418007B5ED0 /* InGameView.swift in Sources */,
				5BBC51BB2C0A7EB3007B5ED0 /* SetBlitzVM.swift in Sources */,
				5BE657B42C21577E00C7E8CB /* GKDashboard.swift in Sources */,
				5B133A792BD74D8D00CF3AC3 /* AspectVGridWithScrollOption.swift in Sources */,
				5BBC51CD2C0E30AD007B5ED0 /* GameCenterHelper.swift in Sources */,
				5B01F35D2C112E2700CE0D30 /* CountDownTimer.swift in Sources */,
				5B133A632BD5F08500CF3AC3 /* SET_App.swift in Sources */,
				5B01F3512C10D76C00CE0D30 /* BannerAdView.swift in Sources */,
				5BBC51D12C0E5DA7007B5ED0 /* GameModeChoosingView.swift in Sources */,
				5B133A7B2BD7611B00CF3AC3 /* SetGame.swift in Sources */,
				5B1413FF2BDF83760075EB16 /* AnyShape.swift in Sources */,
				5B133A732BD60E8400CF3AC3 /* CardView.swift in Sources */,
				5B01F3612C12324900CE0D30 /* MatchMakingView.swift in Sources */,
			);
			runOnlyForDeploymentPostprocessing = 0;
		};
/* End PBXSourcesBuildPhase section */

/* Begin XCBuildConfiguration section */
		5B133A6B2BD5F08600CF3AC3 /* Debug */ = {
			isa = XCBuildConfiguration;
			buildSettings = {
				ALWAYS_SEARCH_USER_PATHS = NO;
				ASSETCATALOG_COMPILER_GENERATE_SWIFT_ASSET_SYMBOL_EXTENSIONS = YES;
				CLANG_ANALYZER_NONNULL = YES;
				CLANG_ANALYZER_NUMBER_OBJECT_CONVERSION = YES_AGGRESSIVE;
				CLANG_CXX_LANGUAGE_STANDARD = "gnu++20";
				CLANG_ENABLE_MODULES = YES;
				CLANG_ENABLE_OBJC_ARC = YES;
				CLANG_ENABLE_OBJC_WEAK = YES;
				CLANG_WARN_BLOCK_CAPTURE_AUTORELEASING = YES;
				CLANG_WARN_BOOL_CONVERSION = YES;
				CLANG_WARN_COMMA = YES;
				CLANG_WARN_CONSTANT_CONVERSION = YES;
				CLANG_WARN_DEPRECATED_OBJC_IMPLEMENTATIONS = YES;
				CLANG_WARN_DIRECT_OBJC_ISA_USAGE = YES_ERROR;
				CLANG_WARN_DOCUMENTATION_COMMENTS = YES;
				CLANG_WARN_EMPTY_BODY = YES;
				CLANG_WARN_ENUM_CONVERSION = YES;
				CLANG_WARN_INFINITE_RECURSION = YES;
				CLANG_WARN_INT_CONVERSION = YES;
				CLANG_WARN_NON_LITERAL_NULL_CONVERSION = YES;
				CLANG_WARN_OBJC_IMPLICIT_RETAIN_SELF = YES;
				CLANG_WARN_OBJC_LITERAL_CONVERSION = YES;
				CLANG_WARN_OBJC_ROOT_CLASS = YES_ERROR;
				CLANG_WARN_QUOTED_INCLUDE_IN_FRAMEWORK_HEADER = YES;
				CLANG_WARN_RANGE_LOOP_ANALYSIS = YES;
				CLANG_WARN_STRICT_PROTOTYPES = YES;
				CLANG_WARN_SUSPICIOUS_MOVE = YES;
				CLANG_WARN_UNGUARDED_AVAILABILITY = YES_AGGRESSIVE;
				CLANG_WARN_UNREACHABLE_CODE = YES;
				CLANG_WARN__DUPLICATE_METHOD_MATCH = YES;
				COPY_PHASE_STRIP = NO;
				DEBUG_INFORMATION_FORMAT = dwarf;
				ENABLE_STRICT_OBJC_MSGSEND = YES;
				ENABLE_TESTABILITY = YES;
				ENABLE_USER_SCRIPT_SANDBOXING = YES;
				GCC_C_LANGUAGE_STANDARD = gnu17;
				GCC_DYNAMIC_NO_PIC = NO;
				GCC_NO_COMMON_BLOCKS = YES;
				GCC_OPTIMIZATION_LEVEL = 0;
				GCC_PREPROCESSOR_DEFINITIONS = (
					"DEBUG=1",
					"$(inherited)",
				);
				GCC_WARN_64_TO_32_BIT_CONVERSION = YES;
				GCC_WARN_ABOUT_RETURN_TYPE = YES_ERROR;
				GCC_WARN_UNDECLARED_SELECTOR = YES;
				GCC_WARN_UNINITIALIZED_AUTOS = YES_AGGRESSIVE;
				GCC_WARN_UNUSED_FUNCTION = YES;
				GCC_WARN_UNUSED_VARIABLE = YES;
				IPHONEOS_DEPLOYMENT_TARGET = 17.4;
				LOCALIZATION_PREFERS_STRING_CATALOGS = YES;
				MTL_ENABLE_DEBUG_INFO = INCLUDE_SOURCE;
				MTL_FAST_MATH = YES;
				ONLY_ACTIVE_ARCH = YES;
				SDKROOT = iphoneos;
				SWIFT_ACTIVE_COMPILATION_CONDITIONS = "DEBUG $(inherited)";
				SWIFT_OPTIMIZATION_LEVEL = "-Onone";
			};
			name = Debug;
		};
		5B133A6C2BD5F08600CF3AC3 /* Release */ = {
			isa = XCBuildConfiguration;
			buildSettings = {
				ALWAYS_SEARCH_USER_PATHS = NO;
				ASSETCATALOG_COMPILER_GENERATE_SWIFT_ASSET_SYMBOL_EXTENSIONS = YES;
				CLANG_ANALYZER_NONNULL = YES;
				CLANG_ANALYZER_NUMBER_OBJECT_CONVERSION = YES_AGGRESSIVE;
				CLANG_CXX_LANGUAGE_STANDARD = "gnu++20";
				CLANG_ENABLE_MODULES = YES;
				CLANG_ENABLE_OBJC_ARC = YES;
				CLANG_ENABLE_OBJC_WEAK = YES;
				CLANG_WARN_BLOCK_CAPTURE_AUTORELEASING = YES;
				CLANG_WARN_BOOL_CONVERSION = YES;
				CLANG_WARN_COMMA = YES;
				CLANG_WARN_CONSTANT_CONVERSION = YES;
				CLANG_WARN_DEPRECATED_OBJC_IMPLEMENTATIONS = YES;
				CLANG_WARN_DIRECT_OBJC_ISA_USAGE = YES_ERROR;
				CLANG_WARN_DOCUMENTATION_COMMENTS = YES;
				CLANG_WARN_EMPTY_BODY = YES;
				CLANG_WARN_ENUM_CONVERSION = YES;
				CLANG_WARN_INFINITE_RECURSION = YES;
				CLANG_WARN_INT_CONVERSION = YES;
				CLANG_WARN_NON_LITERAL_NULL_CONVERSION = YES;
				CLANG_WARN_OBJC_IMPLICIT_RETAIN_SELF = YES;
				CLANG_WARN_OBJC_LITERAL_CONVERSION = YES;
				CLANG_WARN_OBJC_ROOT_CLASS = YES_ERROR;
				CLANG_WARN_QUOTED_INCLUDE_IN_FRAMEWORK_HEADER = YES;
				CLANG_WARN_RANGE_LOOP_ANALYSIS = YES;
				CLANG_WARN_STRICT_PROTOTYPES = YES;
				CLANG_WARN_SUSPICIOUS_MOVE = YES;
				CLANG_WARN_UNGUARDED_AVAILABILITY = YES_AGGRESSIVE;
				CLANG_WARN_UNREACHABLE_CODE = YES;
				CLANG_WARN__DUPLICATE_METHOD_MATCH = YES;
				COPY_PHASE_STRIP = NO;
				DEBUG_INFORMATION_FORMAT = "dwarf-with-dsym";
				ENABLE_NS_ASSERTIONS = NO;
				ENABLE_STRICT_OBJC_MSGSEND = YES;
				ENABLE_USER_SCRIPT_SANDBOXING = YES;
				GCC_C_LANGUAGE_STANDARD = gnu17;
				GCC_NO_COMMON_BLOCKS = YES;
				GCC_WARN_64_TO_32_BIT_CONVERSION = YES;
				GCC_WARN_ABOUT_RETURN_TYPE = YES_ERROR;
				GCC_WARN_UNDECLARED_SELECTOR = YES;
				GCC_WARN_UNINITIALIZED_AUTOS = YES_AGGRESSIVE;
				GCC_WARN_UNUSED_FUNCTION = YES;
				GCC_WARN_UNUSED_VARIABLE = YES;
				IPHONEOS_DEPLOYMENT_TARGET = 17.4;
				LOCALIZATION_PREFERS_STRING_CATALOGS = YES;
				MTL_ENABLE_DEBUG_INFO = NO;
				MTL_FAST_MATH = YES;
				SDKROOT = iphoneos;
				SWIFT_COMPILATION_MODE = wholemodule;
				VALIDATE_PRODUCT = YES;
			};
			name = Release;
		};
		5B133A6E2BD5F08600CF3AC3 /* Debug */ = {
			isa = XCBuildConfiguration;
			baseConfigurationReference = 5D7012ACB68DCEEB4894E453 /* Pods-SET!.debug.xcconfig */;
			buildSettings = {
				ASSETCATALOG_COMPILER_APPICON_NAME = AppIcon;
				ASSETCATALOG_COMPILER_GLOBAL_ACCENT_COLOR_NAME = AccentColor;
				CODE_SIGN_ENTITLEMENTS = "SET!/SET!.entitlements";
				CODE_SIGN_STYLE = Automatic;
				CURRENT_PROJECT_VERSION = 1;
				DEVELOPMENT_ASSET_PATHS = "\"SET!/Preview Content\"";
				DEVELOPMENT_TEAM = M44ZGPXWK4;
				ENABLE_PREVIEWS = YES;
				ENABLE_USER_SCRIPT_SANDBOXING = NO;
				GENERATE_INFOPLIST_FILE = YES;
				INFOPLIST_FILE = "SET--Info.plist";
				INFOPLIST_KEY_UIApplicationSupportsIndirectInputEvents = YES;
				INFOPLIST_KEY_UILaunchScreen_Generation = YES;
				INFOPLIST_KEY_UISupportedInterfaceOrientations_iPad = "UIInterfaceOrientationPortrait UIInterfaceOrientationPortraitUpsideDown UIInterfaceOrientationLandscapeLeft UIInterfaceOrientationLandscapeRight";
				INFOPLIST_KEY_UISupportedInterfaceOrientations_iPhone = "UIInterfaceOrientationPortrait UIInterfaceOrientationLandscapeLeft UIInterfaceOrientationLandscapeRight";
				INFOPLIST_KEY_UIUserInterfaceStyle = Light;
				IPHONEOS_DEPLOYMENT_TARGET = 17.0;
				LD_RUNPATH_SEARCH_PATHS = (
					"$(inherited)",
					"@executable_path/Frameworks",
				);
				MARKETING_VERSION = 1.0;
				PRODUCT_BUNDLE_IDENTIFIER = lcchang.taiwan.SET;
				PRODUCT_NAME = "$(TARGET_NAME)";
				SWIFT_EMIT_LOC_STRINGS = YES;
				SWIFT_VERSION = 5.0;
				TARGETED_DEVICE_FAMILY = "1,2";
			};
			name = Debug;
		};
		5B133A6F2BD5F08600CF3AC3 /* Release */ = {
			isa = XCBuildConfiguration;
			baseConfigurationReference = 87F643D39F3C1869900FD0EA /* Pods-SET!.release.xcconfig */;
			buildSettings = {
				ASSETCATALOG_COMPILER_APPICON_NAME = AppIcon;
				ASSETCATALOG_COMPILER_GLOBAL_ACCENT_COLOR_NAME = AccentColor;
				CODE_SIGN_ENTITLEMENTS = "SET!/SET!.entitlements";
				CODE_SIGN_STYLE = Automatic;
				CURRENT_PROJECT_VERSION = 1;
				DEVELOPMENT_ASSET_PATHS = "\"SET!/Preview Content\"";
				DEVELOPMENT_TEAM = M44ZGPXWK4;
				ENABLE_PREVIEWS = YES;
				ENABLE_USER_SCRIPT_SANDBOXING = NO;
				GENERATE_INFOPLIST_FILE = YES;
				INFOPLIST_FILE = "SET--Info.plist";
				INFOPLIST_KEY_UIApplicationSupportsIndirectInputEvents = YES;
				INFOPLIST_KEY_UILaunchScreen_Generation = YES;
				INFOPLIST_KEY_UISupportedInterfaceOrientations_iPad = "UIInterfaceOrientationPortrait UIInterfaceOrientationPortraitUpsideDown UIInterfaceOrientationLandscapeLeft UIInterfaceOrientationLandscapeRight";
				INFOPLIST_KEY_UISupportedInterfaceOrientations_iPhone = "UIInterfaceOrientationPortrait UIInterfaceOrientationLandscapeLeft UIInterfaceOrientationLandscapeRight";
				INFOPLIST_KEY_UIUserInterfaceStyle = Light;
				IPHONEOS_DEPLOYMENT_TARGET = 17.0;
				LD_RUNPATH_SEARCH_PATHS = (
					"$(inherited)",
					"@executable_path/Frameworks",
				);
				MARKETING_VERSION = 1.0;
				PRODUCT_BUNDLE_IDENTIFIER = lcchang.taiwan.SET;
				PRODUCT_NAME = "$(TARGET_NAME)";
				SWIFT_EMIT_LOC_STRINGS = YES;
				SWIFT_VERSION = 5.0;
				TARGETED_DEVICE_FAMILY = "1,2";
			};
			name = Release;
		};
/* End XCBuildConfiguration section */

/* Begin XCConfigurationList section */
		5B133A5A2BD5F08500CF3AC3 /* Build configuration list for PBXProject "SET!" */ = {
			isa = XCConfigurationList;
			buildConfigurations = (
				5B133A6B2BD5F08600CF3AC3 /* Debug */,
				5B133A6C2BD5F08600CF3AC3 /* Release */,
			);
			defaultConfigurationIsVisible = 0;
			defaultConfigurationName = Release;
		};
		5B133A6D2BD5F08600CF3AC3 /* Build configuration list for PBXNativeTarget "SET!" */ = {
			isa = XCConfigurationList;
			buildConfigurations = (
				5B133A6E2BD5F08600CF3AC3 /* Debug */,
				5B133A6F2BD5F08600CF3AC3 /* Release */,
			);
			defaultConfigurationIsVisible = 0;
			defaultConfigurationName = Release;
		};
/* End XCConfigurationList section */

/* Begin XCRemoteSwiftPackageReference section */
		5B0083BB2C07920F00A0040A /* XCRemoteSwiftPackageReference "GameKitUI" */ = {
			isa = XCRemoteSwiftPackageReference;
			repositoryURL = "https://github.com/SwiftPackageRepository/GameKitUI.swift";
			requirement = {
				kind = upToNextMajorVersion;
				minimumVersion = 0.5.1;
			};
		};
		5B26B7552C23566D001DAFC8 /* XCRemoteSwiftPackageReference "swift-collections" */ = {
			isa = XCRemoteSwiftPackageReference;
			repositoryURL = "https://github.com/apple/swift-collections.git";
			requirement = {
				kind = upToNextMajorVersion;
				minimumVersion = 1.1.1;
			};
		};
/* End XCRemoteSwiftPackageReference section */

/* Begin XCSwiftPackageProductDependency section */
		5B0083BC2C07920F00A0040A /* GameKitUI */ = {
			isa = XCSwiftPackageProductDependency;
			package = 5B0083BB2C07920F00A0040A /* XCRemoteSwiftPackageReference "GameKitUI" */;
			productName = GameKitUI;
		};
		5B26B7562C2358AD001DAFC8 /* OrderedCollections */ = {
			isa = XCSwiftPackageProductDependency;
			package = 5B26B7552C23566D001DAFC8 /* XCRemoteSwiftPackageReference "swift-collections" */;
			productName = OrderedCollections;
		};
/* End XCSwiftPackageProductDependency section */
	};
	rootObject = 5B133A572BD5F08500CF3AC3 /* Project object */;
}
